
Microsoft Visual Studio Solution File, Format Version 12.00
# Visual Studio Version 17
VisualStudioVersion = 17.11.35312.102
MinimumVisualStudioVersion = 10.0.40219.1
Project("{9A19103F-16F7-4668-BE54-9A1E7A4F7556}") = "StockTrackerApp", "StockTrackerApp.csproj", "{E8C5D78D-0D6A-4096-B555-54CA9E788192}"
EndProject
Global
	GlobalSection(SolutionConfigurationPlatforms) = preSolution
		Debug|Any CPU = Debug|Any CPU
		Release|Any CPU = Release|Any CPU
	EndGlobalSection
	GlobalSection(ProjectConfigurationPlatforms) = postSolution
		{E8C5D78D-0D6A-4096-B555-54CA9E788192}.Debug|Any CPU.ActiveCfg = Debug|Any CPU
		{E8C5D78D-0D6A-4096-B555-54CA9E788192}.Debug|Any CPU.Build.0 = Debug|Any CPU
		{E8C5D78D-0D6A-4096-B555-54CA9E788192}.Release|Any CPU.ActiveCfg = Release|Any CPU
		{E8C5D78D-0D6A-4096-B555-54CA9E788192}.Release|Any CPU.Build.0 = Release|Any CPU
	EndGlobalSection
	GlobalSection(SolutionProperties) = preSolution
		HideSolutionNode = FALSE
	EndGlobalSection
	GlobalSection(ExtensibilityGlobals) = postSolution
		SolutionGuid = {6A6C47DA-068F-41F5-B043-AAAF81B111F8}
	EndGlobalSection
EndGlobal
